{
  "requires": true,
  "lockfileVersion": 1,
  "dependencies": {
    "cordova-plugin-enable-cleartext-traffic": {
      "version": "git+https://github.com/RahulCV/cordova-plugin-enable-cleartext-traffic.git#9cc8f32d68e17043b64fa925f9b4519d95c975c2",
      "from": "git+https://github.com/RahulCV/cordova-plugin-enable-cleartext-traffic.git"
    }
  }
}
